
Microsoft Visual Studio Solution File, Format Version 12.00
# Visual Studio Version 17
VisualStudioVersion = 17.2.32519.379
MinimumVisualStudioVersion = 10.0.40219.1
Project("{FAE04EC0-301F-11D3-BF4B-00C04F79EFBC}") = "SignalR.API", "SignalR.API\SignalR.API.csproj", "{51DF45C3-A5E4-4E95-99F2-DD66568CA3D6}"
EndProject
Global
	GlobalSection(SolutionConfigurationPlatforms) = preSolution
		Debug|Any CPU = Debug|Any CPU
		Release|Any CPU = Release|Any CPU
	EndGlobalSection
	GlobalSection(ProjectConfigurationPlatforms) = postSolution
		{51DF45C3-A5E4-4E95-99F2-DD66568CA3D6}.Debug|Any CPU.ActiveCfg = Debug|Any CPU
		{51DF45C3-A5E4-4E95-99F2-DD66568CA3D6}.Debug|Any CPU.Build.0 = Debug|Any CPU
		{51DF45C3-A5E4-4E95-99F2-DD66568CA3D6}.Release|Any CPU.ActiveCfg = Release|Any CPU
		{51DF45C3-A5E4-4E95-99F2-DD66568CA3D6}.Release|Any CPU.Build.0 = Release|Any CPU
	EndGlobalSection
	GlobalSection(SolutionProperties) = preSolution
		HideSolutionNode = FALSE
	EndGlobalSection
	GlobalSection(ExtensibilityGlobals) = postSolution
		SolutionGuid = {20E23B9E-112C-4EB5-AAD3-3A49B61CBD02}
	EndGlobalSection
EndGlobal
